
Microsoft Visual Studio Solution File, Format Version 12.00
# Visual Studio Version 17
VisualStudioVersion = 17.6.33723.286
MinimumVisualStudioVersion = 10.0.40219.1
Project("{FAE04EC0-301F-11D3-BF4B-00C04F79EFBC}") = "Tama Library", "Tama Library\Tama Library.csproj", "{39D8FC9A-D060-4CDE-A579-EADBD8D34E80}"
EndProject
Global
	GlobalSection(SolutionConfigurationPlatforms) = preSolution
		Debug|Any CPU = Debug|Any CPU
		Release|Any CPU = Release|Any CPU
	EndGlobalSection
	GlobalSection(ProjectConfigurationPlatforms) = postSolution
		{39D8FC9A-D060-4CDE-A579-EADBD8D34E80}.Debug|Any CPU.ActiveCfg = Debug|Any CPU
		{39D8FC9A-D060-4CDE-A579-EADBD8D34E80}.Debug|Any CPU.Build.0 = Debug|Any CPU
		{39D8FC9A-D060-4CDE-A579-EADBD8D34E80}.Release|Any CPU.ActiveCfg = Debug|Any CPU
		{39D8FC9A-D060-4CDE-A579-EADBD8D34E80}.Release|Any CPU.Build.0 = Debug|Any CPU
	EndGlobalSection
	GlobalSection(SolutionProperties) = preSolution
		HideSolutionNode = FALSE
	EndGlobalSection
	GlobalSection(ExtensibilityGlobals) = postSolution
		SolutionGuid = {446C696A-CC2F-45A7-B214-43270685D153}
	EndGlobalSection
EndGlobal
